
Microsoft Visual Studio Solution File, Format Version 11.00
# Visual Studio 2010
Project("{FAE04EC0-301F-11D3-BF4B-00C04F79EFBC}") = "Assembly-CSharp", "Assembly-CSharp.csproj", "{B1DFBC55-95C2-9078-623F-D1A132B80019}"
EndProject
Project("{FAE04EC0-301F-11D3-BF4B-00C04F79EFBC}") = "Assembly-CSharp-firstpass", "Assembly-CSharp-firstpass.csproj", "{C1D2D70B-AF8C-0155-CA99-AEE79B569CED}"
EndProject
Project("{FAE04EC0-301F-11D3-BF4B-00C04F79EFBC}") = "Assembly-CSharp-Editor-firstpass", "Assembly-CSharp-Editor-firstpass.csproj", "{53BC1A93-4CF9-98CF-E3BB-87AAF44AE51A}"
EndProject
Global
	GlobalSection(SolutionConfigurationPlatforms) = preSolution
		Debug|Any CPU = Debug|Any CPU
		Release|Any CPU = Release|Any CPU
	EndGlobalSection
	GlobalSection(ProjectConfigurationPlatforms) = postSolution
		{B1DFBC55-95C2-9078-623F-D1A132B80019}.Debug|Any CPU.ActiveCfg = Debug|Any CPU
		{B1DFBC55-95C2-9078-623F-D1A132B80019}.Debug|Any CPU.Build.0 = Debug|Any CPU
		{B1DFBC55-95C2-9078-623F-D1A132B80019}.Release|Any CPU.ActiveCfg = Release|Any CPU
		{B1DFBC55-95C2-9078-623F-D1A132B80019}.Release|Any CPU.Build.0 = Release|Any CPU
		{C1D2D70B-AF8C-0155-CA99-AEE79B569CED}.Debug|Any CPU.ActiveCfg = Debug|Any CPU
		{C1D2D70B-AF8C-0155-CA99-AEE79B569CED}.Debug|Any CPU.Build.0 = Debug|Any CPU
		{C1D2D70B-AF8C-0155-CA99-AEE79B569CED}.Release|Any CPU.ActiveCfg = Release|Any CPU
		{C1D2D70B-AF8C-0155-CA99-AEE79B569CED}.Release|Any CPU.Build.0 = Release|Any CPU
		{53BC1A93-4CF9-98CF-E3BB-87AAF44AE51A}.Debug|Any CPU.ActiveCfg = Debug|Any CPU
		{53BC1A93-4CF9-98CF-E3BB-87AAF44AE51A}.Debug|Any CPU.Build.0 = Debug|Any CPU
		{53BC1A93-4CF9-98CF-E3BB-87AAF44AE51A}.Release|Any CPU.ActiveCfg = Release|Any CPU
		{53BC1A93-4CF9-98CF-E3BB-87AAF44AE51A}.Release|Any CPU.Build.0 = Release|Any CPU
	EndGlobalSection
	GlobalSection(SolutionProperties) = preSolution
		HideSolutionNode = FALSE
	EndGlobalSection
EndGlobal
